
Microsoft Visual Studio Solution File, Format Version 12.00
# Visual Studio Version 17
VisualStudioVersion = 17.1.32407.343
MinimumVisualStudioVersion = 10.0.40219.1
Project("{9A19103F-16F7-4668-BE54-9A1E7A4F7556}") = "CommandsService", "CommandsService\CommandsService.csproj", "{BD9CDAEC-14F8-4528-8F82-88A3ABBBF1E9}"
EndProject
Project("{9A19103F-16F7-4668-BE54-9A1E7A4F7556}") = "PlatformService", "PlatformService\PlatformService.csproj", "{BF2DF9E1-5770-401D-9363-9845452B7DA7}"
EndProject
Global
	GlobalSection(SolutionConfigurationPlatforms) = preSolution
		Debug|Any CPU = Debug|Any CPU
		Release|Any CPU = Release|Any CPU
	EndGlobalSection
	GlobalSection(ProjectConfigurationPlatforms) = postSolution
		{BD9CDAEC-14F8-4528-8F82-88A3ABBBF1E9}.Debug|Any CPU.ActiveCfg = Debug|Any CPU
		{BD9CDAEC-14F8-4528-8F82-88A3ABBBF1E9}.Debug|Any CPU.Build.0 = Debug|Any CPU
		{BD9CDAEC-14F8-4528-8F82-88A3ABBBF1E9}.Release|Any CPU.ActiveCfg = Release|Any CPU
		{BD9CDAEC-14F8-4528-8F82-88A3ABBBF1E9}.Release|Any CPU.Build.0 = Release|Any CPU
		{BF2DF9E1-5770-401D-9363-9845452B7DA7}.Debug|Any CPU.ActiveCfg = Debug|Any CPU
		{BF2DF9E1-5770-401D-9363-9845452B7DA7}.Debug|Any CPU.Build.0 = Debug|Any CPU
		{BF2DF9E1-5770-401D-9363-9845452B7DA7}.Release|Any CPU.ActiveCfg = Release|Any CPU
		{BF2DF9E1-5770-401D-9363-9845452B7DA7}.Release|Any CPU.Build.0 = Release|Any CPU
	EndGlobalSection
	GlobalSection(SolutionProperties) = preSolution
		HideSolutionNode = FALSE
	EndGlobalSection
	GlobalSection(ExtensibilityGlobals) = postSolution
		SolutionGuid = {5FCDB055-55A1-45B8-AEE4-BE63BEC8C9C1}
	EndGlobalSection
EndGlobal
